
Microsoft Visual Studio Solution File, Format Version 12.00
# Visual Studio 15
VisualStudioVersion = 15.0.28010.2048
MinimumVisualStudioVersion = 10.0.40219.1
Project("{FAE04EC0-301F-11D3-BF4B-00C04F79EFBC}") = "Reflection", "Reflection\Reflection.csproj", "{B57D477D-C210-45BD-B00E-015BDCD63A3A}"
EndProject
Global
	GlobalSection(SolutionConfigurationPlatforms) = preSolution
		Debug|Any CPU = Debug|Any CPU
		Release|Any CPU = Release|Any CPU
	EndGlobalSection
	GlobalSection(ProjectConfigurationPlatforms) = postSolution
		{B57D477D-C210-45BD-B00E-015BDCD63A3A}.Debug|Any CPU.ActiveCfg = Debug|Any CPU
		{B57D477D-C210-45BD-B00E-015BDCD63A3A}.Debug|Any CPU.Build.0 = Debug|Any CPU
		{B57D477D-C210-45BD-B00E-015BDCD63A3A}.Release|Any CPU.ActiveCfg = Release|Any CPU
		{B57D477D-C210-45BD-B00E-015BDCD63A3A}.Release|Any CPU.Build.0 = Release|Any CPU
	EndGlobalSection
	GlobalSection(SolutionProperties) = preSolution
		HideSolutionNode = FALSE
	EndGlobalSection
	GlobalSection(ExtensibilityGlobals) = postSolution
		SolutionGuid = {84C122F5-9293-4045-AC2B-780412F2AFC7}
	EndGlobalSection
EndGlobal
